[root]
name = "rust-bignum"
version = "0.0.1"
dependencies = [
 "num 0.0.1 (git+https://github.com/rust-lang/num#5e2ece2f6fd1508cc32c16757885e5b6919f1d41)",
 "rust-gmp 0.1.1",
]

[[package]]
name = "num"
version = "0.0.1"
source = "git+https://github.com/rust-lang/num#5e2ece2f6fd1508cc32c16757885e5b6919f1d41"

[[package]]
name = "rust-gmp"
version = "0.1.1"

